
Microsoft Visual Studio Solution File, Format Version 12.00
# Visual Studio Version 16
VisualStudioVersion = 16.0.31410.357
MinimumVisualStudioVersion = 10.0.40219.1
Project("{FAE04EC0-301F-11D3-BF4B-00C04F79EFBC}") = "IBLib", "IBLib.csproj", "{ACBF90DC-73D9-46B5-A967-817868C0DB5E}"
EndProject
Global
	GlobalSection(SolutionConfigurationPlatforms) = preSolution
		Debug|Any CPU = Debug|Any CPU
		Debug|x64 = Debug|x64
		Release|Any CPU = Release|Any CPU
		Release|x64 = Release|x64
	EndGlobalSection
	GlobalSection(ProjectConfigurationPlatforms) = postSolution
		{ACBF90DC-73D9-46B5-A967-817868C0DB5E}.Debug|Any CPU.ActiveCfg = Debug|Any CPU
		{ACBF90DC-73D9-46B5-A967-817868C0DB5E}.Debug|Any CPU.Build.0 = Debug|Any CPU
		{ACBF90DC-73D9-46B5-A967-817868C0DB5E}.Debug|x64.ActiveCfg = Debug|x64
		{ACBF90DC-73D9-46B5-A967-817868C0DB5E}.Debug|x64.Build.0 = Debug|x64
		{ACBF90DC-73D9-46B5-A967-817868C0DB5E}.Release|Any CPU.ActiveCfg = Release|Any CPU
		{ACBF90DC-73D9-46B5-A967-817868C0DB5E}.Release|Any CPU.Build.0 = Release|Any CPU
		{ACBF90DC-73D9-46B5-A967-817868C0DB5E}.Release|x64.ActiveCfg = Release|x64
		{ACBF90DC-73D9-46B5-A967-817868C0DB5E}.Release|x64.Build.0 = Release|x64
	EndGlobalSection
	GlobalSection(SolutionProperties) = preSolution
		HideSolutionNode = FALSE
	EndGlobalSection
	GlobalSection(ExtensibilityGlobals) = postSolution
		SolutionGuid = {D53D16DC-676B-402B-AD40-8C27CA338E70}
	EndGlobalSection
EndGlobal
